
Microsoft Visual Studio Solution File, Format Version 11.00
# Visual Studio 2010
Project("{8BC9CEB8-8B4A-11D0-8D11-00A0C91BC942}") = "AlchemyMetadataDumper", "AlchemyMetadataDumper\AlchemyMetadataDumper.vcxproj", "{5C1B5A27-78F3-4576-886F-8CA985AE4F4C}"
EndProject
Global
	GlobalSection(SolutionConfigurationPlatforms) = preSolution
		Debug|PS3 = Debug|PS3
		DebugImaginators1_1_0|PS3 = DebugImaginators1_1_0|PS3
		DebugSuperchargers1_6_0|PS3 = DebugSuperchargers1_6_0|PS3
		Release|PS3 = Release|PS3
	EndGlobalSection
	GlobalSection(ProjectConfigurationPlatforms) = postSolution
		{5C1B5A27-78F3-4576-886F-8CA985AE4F4C}.Debug|PS3.ActiveCfg = Debug|PS3
		{5C1B5A27-78F3-4576-886F-8CA985AE4F4C}.Debug|PS3.Build.0 = Debug|PS3
		{5C1B5A27-78F3-4576-886F-8CA985AE4F4C}.DebugImaginators1_1_0|PS3.ActiveCfg = DebugImaginators1_1_0|PS3
		{5C1B5A27-78F3-4576-886F-8CA985AE4F4C}.DebugImaginators1_1_0|PS3.Build.0 = DebugImaginators1_1_0|PS3
		{5C1B5A27-78F3-4576-886F-8CA985AE4F4C}.DebugSuperchargers1_6_0|PS3.ActiveCfg = DebugSuperchargers1_6_0|PS3
		{5C1B5A27-78F3-4576-886F-8CA985AE4F4C}.DebugSuperchargers1_6_0|PS3.Build.0 = DebugSuperchargers1_6_0|PS3
		{5C1B5A27-78F3-4576-886F-8CA985AE4F4C}.Release|PS3.ActiveCfg = Release|PS3
		{5C1B5A27-78F3-4576-886F-8CA985AE4F4C}.Release|PS3.Build.0 = Release|PS3
	EndGlobalSection
	GlobalSection(SolutionProperties) = preSolution
		HideSolutionNode = FALSE
	EndGlobalSection
EndGlobal
